<?xml version="1.0" encoding="utf-8"?>
<Project ToolsVersion="4.0" xmlns="http://schemas.microsoft.com/developer/msbuild/2003">
  <ItemGroup>
    <Filter Include="Source">
      <UniqueIdentifier>{fa065f72-4e8f-4597-8a0f-0c2c9836fb50}</UniqueIdentifier>
    </Filter>
    <Filter Include="Math">
      <UniqueIdentifier>{1a838dd8-511a-4fc6-af17-003361bd7cbf}</UniqueIdentifier>
    </Filter>
    <Filter Include="Shaders">
      <UniqueIdentifier>{e4691c79-4e47-4f42-b115-9d66d47f47b4}</UniqueIdentifier>
    </Filter>
    <Filter Include="Textures">
      <UniqueIdentifier>{de76cd46-383d-4c29-bce3-26c139ab6722}</UniqueIdentifier>
    </Filter>
  </ItemGroup>
  <ItemGroup>
    <Image Include="Source\Textures\test.jpg">
      <Filter>Textures</Filter>
    </Image>
    <Image Include="Source\Textures\sh.jpg">
      <Filter>Textures</Filter>
    </Image>
  </ItemGroup>
  <ItemGroup>
    <ClInclude Include="Source\Source\Clock.hpp">
      <Filter>Source</Filter>
    </ClInclude>
    <ClInclude Include="Source\Source\Common.hpp">
      <Filter>Source</Filter>
    </ClInclude>
    <ClInclude Include="Source\Source\Image.h">
      <Filter>Source</Filter>
    </ClInclude>
    <ClInclude Include="Source\Source\NonCopyable.hpp">
      <Filter>Source</Filter>
    </ClInclude>
    <ClInclude Include="Source\Source\Texture.h">
      <Filter>Source</Filter>
    </ClInclude>
    <ClInclude Include="Source\Source\TickCounter.hpp">
      <Filter>Source</Filter>
    </ClInclude>
    <ClInclude Include="Source\Source\Types.hpp">
      <Filter>Source</Filter>
    </ClInclude>
    <ClInclude Include="Source\Math\Vector4.hpp">
      <Filter>Math</Filter>
    </ClInclude>
    <ClInclude Include="Source\Math\Matrix4.hpp">
      <Filter>Math</Filter>
    </ClInclude>
    <ClInclude Include="Source\Math\Vector2.hpp">
      <Filter>Math</Filter>
    </ClInclude>
    <ClInclude Include="Source\Math\Vector3.hpp">
      <Filter>Math</Filter>
    </ClInclude>
    <ClInclude Include="Source\Math\Matrix.hpp">
      <Filter>Math</Filter>
    </ClInclude>
    <ClInclude Include="Source\Math\Functions.hpp">
      <Filter>Math</Filter>
    </ClInclude>
    <ClInclude Include="Source\Source\Color.hpp">
      <Filter>Source</Filter>
    </ClInclude>
    <ClInclude Include="Source\Math\Unit.hpp">
      <Filter>Math</Filter>
    </ClInclude>
    <ClInclude Include="Source\Math\Angle.hpp">
      <Filter>Math</Filter>
    </ClInclude>
    <ClInclude Include="Source\Math\Constants.hpp">
      <Filter>Math</Filter>
    </ClInclude>
    <ClInclude Include="Source\Math\Quaternion.hpp">
      <Filter>Math</Filter>
    </ClInclude>
    <ClInclude Include="Source\Source\Transform.hpp" />
    <ClInclude Include="Source\Math\Math.hpp">
      <Filter>Math</Filter>
    </ClInclude>
    <ClInclude Include="Source\Source\Vertex.hpp" />
    <ClInclude Include="Source\Source\ShaderProgram.hpp">
      <Filter>Source</Filter>
    </ClInclude>
    <ClInclude Include="Source\Source\Camera.hpp" />
  </ItemGroup>
  <ItemGroup>
    <ClCompile Include="Source\Source\Core.cpp">
      <Filter>Source</Filter>
    </ClCompile>
    <ClCompile Include="Source\Source\Image.cpp">
      <Filter>Source</Filter>
    </ClCompile>
    <ClCompile Include="Source\Source\ShaderProgram.cpp">
      <Filter>Source</Filter>
    </ClCompile>
    <ClCompile Include="Source\Source\Texture.cpp">
      <Filter>Source</Filter>
    </ClCompile>
    <ClCompile Include="Source\Math\Constants.cpp" />
    <ClCompile Include="Source\Math\Matrix.cpp" />
    <ClCompile Include="Source\Source\Camera.cpp" />
  </ItemGroup>
  <ItemGroup>
    <None Include="Source\Shaders\frag.glsl">
      <Filter>Shaders</Filter>
    </None>
    <None Include="Source\Shaders\vert.glsl">
      <Filter>Shaders</Filter>
    </None>
  </ItemGroup>
</Project>